{
  "nodes": {
    "buttercup": {
      "flake": false,
      "locked": {
        "lastModified": 1739747704,
        "narHash": "sha256-fhLbW7nwA1Yy4a9J7MvsCXBuQNOYd6IzVdl65CsNfD4=",
        "owner": "jorgenschaefer",
        "repo": "emacs-buttercup",
        "rev": "c467c659b2c5b7029e20909331e072d7301af1d5",
        "type": "github"
      },
      "original": {
        "owner": "jorgenschaefer",
        "repo": "emacs-buttercup",
        "type": "github"
      }
    },
    "dash": {
      "flake": false,
      "locked": {
        "lastModified": 1741784833,
        "narHash": "sha256-1TxfU88Ouc9Tx+ouzLxTKNpS/HjJPOsFobyZuIJxUyQ=",
        "owner": "magnars",
        "repo": "dash.el",
        "rev": "fcb5d831fc08a43f984242c7509870f30983c27c",
        "type": "github"
      },
      "original": {
        "owner": "magnars",
        "repo": "dash.el",
        "type": "github"
      }
    },
    "org-ml": {
      "flake": false,
      "locked": {
        "lastModified": 1681086652,
        "narHash": "sha256-BBbwBh+G3hb1HP493Y57K19iNdRAuogeh0XBGZsbQJo=",
        "owner": "ndwarshuis",
        "repo": "org-ml",
        "rev": "f57336a9126a168ad32ccce017c072474555395a",
        "type": "github"
      },
      "original": {
        "owner": "ndwarshuis",
        "repo": "org-ml",
        "type": "github"
      }
    },
    "root": {
      "inputs": {
        "buttercup": "buttercup",
        "dash": "dash",
        "org-ml": "org-ml",
        "s": "s"
      }
    },
    "s": {
      "flake": false,
      "locked": {
        "lastModified": 1681482914,
        "narHash": "sha256-fbF/SyPwEiJICaPBq0xWj2yLWjdNwkaLF2iYvZ2EO1k=",
        "owner": "magnars",
        "repo": "s.el",
        "rev": "dda84d38fffdaf0c9b12837b504b402af910d01d",
        "type": "github"
      },
      "original": {
        "owner": "magnars",
        "repo": "s.el",
        "type": "github"
      }
    }
  },
  "root": "root",
  "version": 7
}
