{
  "nodes": {
    "elisp-helpers": {
      "flake": false,
      "locked": {
        "lastModified": 1693912311,
        "narHash": "sha256-UqBnIr3Zx4kWNutcuM3YiH6BvJiSCU1eQX53+1whCkQ=",
        "owner": "emacs-twist",
        "repo": "elisp-helpers",
        "rev": "cd21b8951701b048a794ea67c482c53e834440b5",
        "type": "github"
      },
      "original": {
        "owner": "emacs-twist",
        "repo": "elisp-helpers",
        "type": "github"
      }
    },
    "emacs": {
      "flake": false,
      "locked": {
        "lastModified": 1673571819,
        "narHash": "sha256-zA1ZCDEl/yM5+mLUQBRZX8KKf42gBY7G3ouYDqDrpuM=",
        "owner": "emacs-mirror",
        "repo": "emacs",
        "rev": "f1310859a0d84ceb725c74bf37a2336c7d21153f",
        "type": "github"
      },
      "original": {
        "owner": "emacs-mirror",
        "repo": "emacs",
        "type": "github"
      }
    },
    "emacs-23-4": {
      "flake": false,
      "locked": {
        "narHash": "sha256-OzqhctHmsk30IfS61czooF+1LShToeT614RtqrMNyJw=",
        "type": "tarball",
        "url": "https://ftp.gnu.org/gnu/emacs/emacs-23.4.tar.bz2"
      },
      "original": {
        "type": "tarball",
        "url": "https://ftp.gnu.org/gnu/emacs/emacs-23.4.tar.bz2"
      }
    },
    "emacs-24-1": {
      "flake": false,
      "locked": {
        "narHash": "sha256-UVWKuXneNHq1zJtkGo6eLacUl5MdEbCBL68a8NcYEWk=",
        "type": "tarball",
        "url": "https://ftp.gnu.org/gnu/emacs/emacs-24.1.tar.bz2"
      },
      "original": {
        "type": "tarball",
        "url": "https://ftp.gnu.org/gnu/emacs/emacs-24.1.tar.bz2"
      }
    },
    "emacs-24-2": {
      "flake": false,
      "locked": {
        "narHash": "sha256-zdhQvRQs1ty4b8E4Khf10dCv+iGNuVl4FDCtUFqt2bI=",
        "type": "tarball",
        "url": "https://ftp.gnu.org/gnu/emacs/emacs-24.2.tar.xz"
      },
      "original": {
        "type": "tarball",
        "url": "https://ftp.gnu.org/gnu/emacs/emacs-24.2.tar.xz"
      }
    },
    "emacs-24-3": {
      "flake": false,
      "locked": {
        "narHash": "sha256-kANCrStnnt/0Mxt5qV94iKwcXGgFqqhJVUwRSAC0ez4=",
        "type": "tarball",
        "url": "https://ftp.gnu.org/gnu/emacs/emacs-24.3.tar.xz"
      },
      "original": {
        "type": "tarball",
        "url": "https://ftp.gnu.org/gnu/emacs/emacs-24.3.tar.xz"
      }
    },
    "emacs-24-4": {
      "flake": false,
      "locked": {
        "narHash": "sha256-WDPY5n3pMF7o4noS941GLDQ2zFKa8PvDkWjeMw0Wsm0=",
        "type": "tarball",
        "url": "https://ftp.gnu.org/gnu/emacs/emacs-24.4.tar.xz"
      },
      "original": {
        "type": "tarball",
        "url": "https://ftp.gnu.org/gnu/emacs/emacs-24.4.tar.xz"
      }
    },
    "emacs-24-5": {
      "flake": false,
      "locked": {
        "narHash": "sha256-jb801XX+fMvQ5OBYKpjPPsqAcqgaeYKPRfeZIP8R/rc=",
        "type": "tarball",
        "url": "https://ftp.gnu.org/gnu/emacs/emacs-24.5.tar.xz"
      },
      "original": {
        "type": "tarball",
        "url": "https://ftp.gnu.org/gnu/emacs/emacs-24.5.tar.xz"
      }
    },
    "emacs-25-1": {
      "flake": false,
      "locked": {
        "narHash": "sha256-Lxgh6MOMYYaenkgwFiFw4SZOxkGk+q/4bDv3B8rAAWM=",
        "type": "tarball",
        "url": "https://ftp.gnu.org/gnu/emacs/emacs-25.1.tar.xz"
      },
      "original": {
        "type": "tarball",
        "url": "https://ftp.gnu.org/gnu/emacs/emacs-25.1.tar.xz"
      }
    },
    "emacs-25-2": {
      "flake": false,
      "locked": {
        "narHash": "sha256-L+Tgth/sI7aI+xQOu5iRWxhaivsK6BcmNB7wV1bUzg0=",
        "type": "tarball",
        "url": "https://ftp.gnu.org/gnu/emacs/emacs-25.2.tar.xz"
      },
      "original": {
        "type": "tarball",
        "url": "https://ftp.gnu.org/gnu/emacs/emacs-25.2.tar.xz"
      }
    },
    "emacs-25-3": {
      "flake": false,
      "locked": {
        "narHash": "sha256-1czqSKUzuoJc+WBwpojicwpZE6VKnAqNJt2V04k2ifc=",
        "type": "tarball",
        "url": "https://ftp.gnu.org/gnu/emacs/emacs-25.3.tar.xz"
      },
      "original": {
        "type": "tarball",
        "url": "https://ftp.gnu.org/gnu/emacs/emacs-25.3.tar.xz"
      }
    },
    "emacs-26-1": {
      "flake": false,
      "locked": {
        "narHash": "sha256-amsPbiVbko/Qvsw2cfJdkhq0UHGjhn5uyLN0MEeMq20=",
        "type": "tarball",
        "url": "https://ftp.gnu.org/gnu/emacs/emacs-26.1.tar.xz"
      },
      "original": {
        "type": "tarball",
        "url": "https://ftp.gnu.org/gnu/emacs/emacs-26.1.tar.xz"
      }
    },
    "emacs-26-2": {
      "flake": false,
      "locked": {
        "narHash": "sha256-AvO73gk6Tb+aDARgbgAq6RVz71wBSxh12RrnrD/3TM0=",
        "type": "tarball",
        "url": "https://ftp.gnu.org/gnu/emacs/emacs-26.2.tar.xz"
      },
      "original": {
        "type": "tarball",
        "url": "https://ftp.gnu.org/gnu/emacs/emacs-26.2.tar.xz"
      }
    },
    "emacs-26-3": {
      "flake": false,
      "locked": {
        "narHash": "sha256-iYPYrf/6Cd6wozabn2D/bj9M591vLqO84uPyj3ZN/+I=",
        "type": "tarball",
        "url": "https://ftp.gnu.org/gnu/emacs/emacs-26.3.tar.xz"
      },
      "original": {
        "type": "tarball",
        "url": "https://ftp.gnu.org/gnu/emacs/emacs-26.3.tar.xz"
      }
    },
    "emacs-27-1": {
      "flake": false,
      "locked": {
        "narHash": "sha256-oADGvqBASpU8Q512c+PPF1pwm1/tg2oo2a30ghJ2xVQ=",
        "type": "tarball",
        "url": "https://ftp.gnu.org/gnu/emacs/emacs-27.1.tar.xz"
      },
      "original": {
        "type": "tarball",
        "url": "https://ftp.gnu.org/gnu/emacs/emacs-27.1.tar.xz"
      }
    },
    "emacs-27-2": {
      "flake": false,
      "locked": {
        "narHash": "sha256-BaLVKUHuxGuO3F+/YRQ8DCe8FkR/fkoJIh6p4xbF4m0=",
        "type": "tarball",
        "url": "https://ftp.gnu.org/gnu/emacs/emacs-27.2.tar.xz"
      },
      "original": {
        "type": "tarball",
        "url": "https://ftp.gnu.org/gnu/emacs/emacs-27.2.tar.xz"
      }
    },
    "emacs-28-1": {
      "flake": false,
      "locked": {
        "narHash": "sha256-EGuOesE+gq6wzF4qiqdBQhPm+TGzZnJ/sHxkd4Liz4s=",
        "type": "tarball",
        "url": "https://ftp.gnu.org/gnu/emacs/emacs-28.1.tar.xz"
      },
      "original": {
        "type": "tarball",
        "url": "https://ftp.gnu.org/gnu/emacs/emacs-28.1.tar.xz"
      }
    },
    "emacs-28-2": {
      "flake": false,
      "locked": {
        "narHash": "sha256-+Tmn3gJ+7536KehS3QUGRWFc0ic7xZI/KDl63n/yEp4=",
        "type": "tarball",
        "url": "https://ftp.gnu.org/gnu/emacs/emacs-28.2.tar.xz"
      },
      "original": {
        "type": "tarball",
        "url": "https://ftp.gnu.org/gnu/emacs/emacs-28.2.tar.xz"
      }
    },
    "emacs-29-1": {
      "flake": false,
      "locked": {
        "narHash": "sha256-C7920QvXQvrqUNAScIb++H1+3CC54ppPby+/hh6+yo0=",
        "type": "tarball",
        "url": "https://ftp.gnu.org/gnu/emacs/emacs-29.1.tar.xz"
      },
      "original": {
        "type": "tarball",
        "url": "https://ftp.gnu.org/gnu/emacs/emacs-29.1.tar.xz"
      }
    },
    "emacs-ci": {
      "inputs": {
        "emacs-23-4": "emacs-23-4",
        "emacs-24-1": "emacs-24-1",
        "emacs-24-2": "emacs-24-2",
        "emacs-24-3": "emacs-24-3",
        "emacs-24-4": "emacs-24-4",
        "emacs-24-5": "emacs-24-5",
        "emacs-25-1": "emacs-25-1",
        "emacs-25-2": "emacs-25-2",
        "emacs-25-3": "emacs-25-3",
        "emacs-26-1": "emacs-26-1",
        "emacs-26-2": "emacs-26-2",
        "emacs-26-3": "emacs-26-3",
        "emacs-27-1": "emacs-27-1",
        "emacs-27-2": "emacs-27-2",
        "emacs-28-1": "emacs-28-1",
        "emacs-28-2": "emacs-28-2",
        "emacs-29-1": "emacs-29-1",
        "emacs-release-snapshot": "emacs-release-snapshot",
        "emacs-snapshot": "emacs-snapshot",
        "flake-compat": "flake-compat",
        "flake-utils": "flake-utils",
        "nixpkgs": "nixpkgs"
      },
      "locked": {
        "lastModified": 1693898386,
        "narHash": "sha256-bJsM5D4aA3NGGh4AEDMbGOwaFPub9jQVW7QIQwLR7+s=",
        "owner": "purcell",
        "repo": "nix-emacs-ci",
        "rev": "4310ff2ac752263353f67e77c85842facc4cca55",
        "type": "github"
      },
      "original": {
        "owner": "purcell",
        "repo": "nix-emacs-ci",
        "type": "github"
      }
    },
    "emacs-release-snapshot": {
      "flake": false,
      "locked": {
        "lastModified": 1693721002,
        "narHash": "sha256-MkwCpDEmalBOrKEA7q02LCwS3i0bYxbz5y8QGKYDA1A=",
        "owner": "emacs-mirror",
        "repo": "emacs",
        "rev": "f1e4cbe72aa4da9351cbbcd209d9233c68dd9fbb",
        "type": "github"
      },
      "original": {
        "owner": "emacs-mirror",
        "ref": "emacs-29",
        "repo": "emacs",
        "type": "github"
      }
    },
    "emacs-snapshot": {
      "flake": false,
      "locked": {
        "lastModified": 1693791762,
        "narHash": "sha256-BkQvuQ5Vcbz1A6H8OXcxjcmdimUQLsOaDRexVGxCNHI=",
        "owner": "emacs-mirror",
        "repo": "emacs",
        "rev": "f8d82b428186aceecea0177c9f365daf7b8725e5",
        "type": "github"
      },
      "original": {
        "owner": "emacs-mirror",
        "repo": "emacs",
        "type": "github"
      }
    },
    "epkgs": {
      "flake": false,
      "locked": {
        "lastModified": 1673365778,
        "narHash": "sha256-lZtVC2nh4RgaOJ/cZ/OBqgtXz8eQXgIX/rAR9K4b5Xo=",
        "owner": "emacsmirror",
        "repo": "epkgs",
        "rev": "a302965fecee42c4661bee54079679ff9955114f",
        "type": "github"
      },
      "original": {
        "owner": "emacsmirror",
        "repo": "epkgs",
        "type": "github"
      }
    },
    "flake-compat": {
      "flake": false,
      "locked": {
        "lastModified": 1673956053,
        "narHash": "sha256-4gtG9iQuiKITOjNQQeQIpoIB6b16fm+504Ch3sNKLd8=",
        "owner": "edolstra",
        "repo": "flake-compat",
        "rev": "35bb57c0c8d8b62bbfd284272c928ceb64ddbde9",
        "type": "github"
      },
      "original": {
        "owner": "edolstra",
        "repo": "flake-compat",
        "type": "github"
      }
    },
    "flake-utils": {
      "inputs": {
        "systems": "systems"
      },
      "locked": {
        "lastModified": 1687709756,
        "narHash": "sha256-Y5wKlQSkgEK2weWdOu4J3riRd+kV/VCgHsqLNTTWQ/0=",
        "owner": "numtide",
        "repo": "flake-utils",
        "rev": "dbabf0ca0c0c4bce6ea5eaf65af5cb694d2082c7",
        "type": "github"
      },
      "original": {
        "id": "flake-utils",
        "type": "indirect"
      }
    },
    "flake-utils_2": {
      "inputs": {
        "systems": "systems_2"
      },
      "locked": {
        "lastModified": 1692799911,
        "narHash": "sha256-3eihraek4qL744EvQXsK1Ha6C3CR7nnT8X2qWap4RNk=",
        "owner": "numtide",
        "repo": "flake-utils",
        "rev": "f9e7cf818399d17d347f847525c5a5a8032e4e44",
        "type": "github"
      },
      "original": {
        "owner": "numtide",
        "repo": "flake-utils",
        "type": "github"
      }
    },
    "gitignore": {
      "inputs": {
        "nixpkgs": [
          "nomake",
          "nixpkgs"
        ]
      },
      "locked": {
        "lastModified": 1694102001,
        "narHash": "sha256-vky6VPK1n1od6vXbqzOXnekrQpTL4hbPAwUhT5J9c9E=",
        "owner": "hercules-ci",
        "repo": "gitignore.nix",
        "rev": "9e21c80adf67ebcb077d75bd5e7d724d21eeafd6",
        "type": "github"
      },
      "original": {
        "owner": "hercules-ci",
        "repo": "gitignore.nix",
        "type": "github"
      }
    },
    "gnu-elpa": {
      "flake": false,
      "locked": {
        "lastModified": 1673625353,
        "narHash": "sha256-duVQ1KaGa6/Oree8HIdB8KAhrcYON+HX7Ytp0JcBnH4=",
        "ref": "main",
        "rev": "40ee3cc58d67f8de6843ddaf49a2d5c702923285",
        "revCount": 479,
        "type": "git",
        "url": "https://git.savannah.gnu.org/git/emacs/elpa.git"
      },
      "original": {
        "ref": "main",
        "type": "git",
        "url": "https://git.savannah.gnu.org/git/emacs/elpa.git"
      }
    },
    "melpa": {
      "flake": false,
      "locked": {
        "lastModified": 1650041893,
        "narHash": "sha256-LfStIkhlqjA1S6v4q5IGBM2mFTXM/mcb9CZOosPcVHk=",
        "owner": "akirak",
        "repo": "melpa",
        "rev": "32ba0afda763d718bf0f23bbf05755b5c8ac7ac4",
        "type": "github"
      },
      "original": {
        "owner": "akirak",
        "ref": "orgabilize",
        "repo": "melpa",
        "type": "github"
      }
    },
    "nixpkgs": {
      "locked": {
        "lastModified": 1693355128,
        "narHash": "sha256-+ZoAny3ZxLcfMaUoLVgL9Ywb/57wP+EtsdNGuXUJrwg=",
        "owner": "NixOS",
        "repo": "nixpkgs",
        "rev": "a63a64b593dcf2fe05f7c5d666eb395950f36bc9",
        "type": "github"
      },
      "original": {
        "id": "nixpkgs",
        "ref": "nixpkgs-unstable",
        "type": "indirect"
      }
    },
    "nixpkgs_2": {
      "locked": {
        "lastModified": 1694062546,
        "narHash": "sha256-PiGI4f2BGnZcedP6slLjCLGLRLXPa9+ogGGgVPfGxys=",
        "owner": "NixOS",
        "repo": "nixpkgs",
        "rev": "b200e0df08f80c32974a6108ce431d8a8a5e6547",
        "type": "github"
      },
      "original": {
        "id": "nixpkgs",
        "type": "indirect"
      }
    },
    "nomake": {
      "inputs": {
        "emacs": [
          "emacs"
        ],
        "emacs-ci": "emacs-ci",
        "epkgs": [
          "epkgs"
        ],
        "flake-utils": "flake-utils_2",
        "gitignore": "gitignore",
        "gnu-elpa": [
          "gnu-elpa"
        ],
        "melpa": [
          "melpa"
        ],
        "nixpkgs": "nixpkgs_2",
        "package-lint": "package-lint",
        "twist": "twist"
      },
      "locked": {
        "lastModified": 1694249429,
        "narHash": "sha256-KnNhukoCyea3iOn5gDBKewxez+ojqHz/RlmbM72Y7g0=",
        "owner": "emacs-twist",
        "repo": "nomake",
        "rev": "0a8bbb669adbf61652cb706c03dd1885e75347fb",
        "type": "github"
      },
      "original": {
        "owner": "emacs-twist",
        "repo": "nomake",
        "type": "github"
      }
    },
    "package-lint": {
      "flake": false,
      "locked": {
        "lastModified": 1693896898,
        "narHash": "sha256-LT8zVtBmXXbL+JruMZsRmjbUVrXY2HfjTfJR99TuG1Q=",
        "owner": "purcell",
        "repo": "package-lint",
        "rev": "ee6b670eeaf95ed0fa88ea49e7037a351ed0352a",
        "type": "github"
      },
      "original": {
        "owner": "purcell",
        "repo": "package-lint",
        "type": "github"
      }
    },
    "root": {
      "inputs": {
        "emacs": "emacs",
        "epkgs": "epkgs",
        "gnu-elpa": "gnu-elpa",
        "melpa": "melpa",
        "nomake": "nomake"
      }
    },
    "systems": {
      "locked": {
        "lastModified": 1681028828,
        "narHash": "sha256-Vy1rq5AaRuLzOxct8nz4T6wlgyUR7zLU309k9mBC768=",
        "owner": "nix-systems",
        "repo": "default",
        "rev": "da67096a3b9bf56a91d16901293e51ba5b49a27e",
        "type": "github"
      },
      "original": {
        "owner": "nix-systems",
        "repo": "default",
        "type": "github"
      }
    },
    "systems_2": {
      "locked": {
        "lastModified": 1681028828,
        "narHash": "sha256-Vy1rq5AaRuLzOxct8nz4T6wlgyUR7zLU309k9mBC768=",
        "owner": "nix-systems",
        "repo": "default",
        "rev": "da67096a3b9bf56a91d16901293e51ba5b49a27e",
        "type": "github"
      },
      "original": {
        "owner": "nix-systems",
        "repo": "default",
        "type": "github"
      }
    },
    "twist": {
      "inputs": {
        "elisp-helpers": "elisp-helpers"
      },
      "locked": {
        "lastModified": 1694004980,
        "narHash": "sha256-0sESyIQigObvy14+qYMVIQaEnUila6zk8/PLAQ+4rRQ=",
        "owner": "emacs-twist",
        "repo": "twist.nix",
        "rev": "1f8d955e5ca0ac87e6d079fb4f003a82bab721ae",
        "type": "github"
      },
      "original": {
        "owner": "emacs-twist",
        "repo": "twist.nix",
        "type": "github"
      }
    }
  },
  "root": "root",
  "version": 7
}
