{
  "nodes": {
    "buttercup": {
      "flake": false,
      "locked": {
        "lastModified": 1665959941,
        "narHash": "sha256-CzhXFYme8KTVQkk3HXSDlQ8xIbZ826741gUfQzW+xog=",
        "owner": "jorgenschaefer",
        "repo": "emacs-buttercup",
        "rev": "001adc064170b1e5beff3bc5a50c40f6c1949bbb",
        "type": "github"
      },
      "original": {
        "owner": "jorgenschaefer",
        "repo": "emacs-buttercup",
        "type": "github"
      }
    },
    "dash": {
      "flake": false,
      "locked": {
        "lastModified": 1665650208,
        "narHash": "sha256-b0dAQPHOv0oZkmkV/0kHqSWwz45W1mWrx1Iv83/M6B0=",
        "owner": "magnars",
        "repo": "dash.el",
        "rev": "3df46d7d9fe74f52a661565888e4d31fd760f0df",
        "type": "github"
      },
      "original": {
        "owner": "magnars",
        "repo": "dash.el",
        "type": "github"
      }
    },
    "org-ml": {
      "flake": false,
      "locked": {
        "lastModified": 1657553317,
        "narHash": "sha256-N8HdBql05TX2wV+tSos8A2XW7goEPEXSj8k9Oi41oEg=",
        "owner": "ndwarshuis",
        "repo": "org-ml",
        "rev": "385e3bee497f858705144d7ab5e6570d31d3ffe8",
        "type": "github"
      },
      "original": {
        "owner": "ndwarshuis",
        "repo": "org-ml",
        "type": "github"
      }
    },
    "orgabilize": {
      "flake": false,
      "locked": {
        "lastModified": 1669286925,
        "narHash": "sha256-u0lVIwGcd8FbaVD917Zs50Yi6LQEfXztPThBegnR/60=",
        "owner": "akirak",
        "repo": "orgabilize.el",
        "rev": "cc9a11c8d7c4e8f57576d05b0aae4fdb3a8b61be",
        "type": "github"
      },
      "original": {
        "owner": "akirak",
        "repo": "orgabilize.el",
        "type": "github"
      }
    },
    "root": {
      "inputs": {
        "buttercup": "buttercup",
        "dash": "dash",
        "org-ml": "org-ml",
        "orgabilize": "orgabilize",
        "s": "s"
      }
    },
    "s": {
      "flake": false,
      "locked": {
        "lastModified": 1662132008,
        "narHash": "sha256-rB+b9Z2KISHwYIgXm2g2EX/EUpA9NWDFfuzrj93dzAc=",
        "owner": "magnars",
        "repo": "s.el",
        "rev": "e957dcb0677da18b2bb60ad867db5df5c35b5616",
        "type": "github"
      },
      "original": {
        "owner": "magnars",
        "repo": "s.el",
        "type": "github"
      }
    }
  },
  "root": "root",
  "version": 7
}
