{
  "nodes": {
    "buttercup": {
      "flake": false,
      "locked": {
        "lastModified": 1672167465,
        "narHash": "sha256-bS62HrpEvpehEs5r5Q+YrJIUiGBpCnVs0oQLbMgUUkY=",
        "owner": "jorgenschaefer",
        "repo": "emacs-buttercup",
        "rev": "21ded874f7af380b593776eac06a87cf7f7ae439",
        "type": "github"
      },
      "original": {
        "owner": "jorgenschaefer",
        "repo": "emacs-buttercup",
        "type": "github"
      }
    },
    "dash": {
      "flake": false,
      "locked": {
        "lastModified": 1665650208,
        "narHash": "sha256-b0dAQPHOv0oZkmkV/0kHqSWwz45W1mWrx1Iv83/M6B0=",
        "owner": "magnars",
        "repo": "dash.el",
        "rev": "3df46d7d9fe74f52a661565888e4d31fd760f0df",
        "type": "github"
      },
      "original": {
        "owner": "magnars",
        "repo": "dash.el",
        "type": "github"
      }
    },
    "org-ml": {
      "flake": false,
      "locked": {
        "lastModified": 1657553317,
        "narHash": "sha256-N8HdBql05TX2wV+tSos8A2XW7goEPEXSj8k9Oi41oEg=",
        "owner": "ndwarshuis",
        "repo": "org-ml",
        "rev": "385e3bee497f858705144d7ab5e6570d31d3ffe8",
        "type": "github"
      },
      "original": {
        "owner": "ndwarshuis",
        "repo": "org-ml",
        "type": "github"
      }
    },
    "orgabilize": {
      "flake": false,
      "locked": {
        "lastModified": 1673630443,
        "narHash": "sha256-K2P9wb0SyJxLJ4k1toc4hy/MX5+fecBTGN7kaBlZq+I=",
        "owner": "akirak",
        "repo": "orgabilize.el",
        "rev": "1220fad7df864c3d5000c1d4909f4f3d173a302c",
        "type": "github"
      },
      "original": {
        "owner": "akirak",
        "repo": "orgabilize.el",
        "type": "github"
      }
    },
    "root": {
      "inputs": {
        "buttercup": "buttercup",
        "dash": "dash",
        "org-ml": "org-ml",
        "orgabilize": "orgabilize",
        "s": "s"
      }
    },
    "s": {
      "flake": false,
      "locked": {
        "lastModified": 1662132008,
        "narHash": "sha256-rB+b9Z2KISHwYIgXm2g2EX/EUpA9NWDFfuzrj93dzAc=",
        "owner": "magnars",
        "repo": "s.el",
        "rev": "e957dcb0677da18b2bb60ad867db5df5c35b5616",
        "type": "github"
      },
      "original": {
        "owner": "magnars",
        "repo": "s.el",
        "type": "github"
      }
    }
  },
  "root": "root",
  "version": 7
}
